# generated by rye
# use `rye lock` or `rye sync` to update this lockfile
#
# last locked with the following flags:
#   pre: false
#   features: []
#   all-features: false
#   with-sources: false
#   generate-hashes: false
#   universal: false

-e file:.
click==8.1.8
    # via statx
numpy==2.2.3
    # via pandas
    # via patsy
    # via scipy
    # via statsmodels
packaging==24.2
    # via statsmodels
pandas==2.2.3
    # via statsmodels
    # via statx
patsy==1.0.1
    # via statsmodels
python-dateutil==2.9.0.post0
    # via pandas
pytz==2025.1
    # via pandas
scipy==1.15.2
    # via statsmodels
six==1.17.0
    # via python-dateutil
statsmodels==0.14.4
    # via statx
tzdata==2025.1
    # via pandas
